
Microsoft Visual Studio Solution File, Format Version 12.00
# Visual Studio Version 17
VisualStudioVersion = 17.5.002.0
MinimumVisualStudioVersion = 10.0.40219.1
Project("{9A19103F-16F7-4668-BE54-9A1E7A4F7556}") = "rrd", "rrd.csproj", "{77DE09CA-BBDF-4680-B8C2-54711506FA62}"
EndProject
Global
	GlobalSection(SolutionConfigurationPlatforms) = preSolution
		Debug|Any CPU = Debug|Any CPU
		Release|Any CPU = Release|Any CPU
	EndGlobalSection
	GlobalSection(ProjectConfigurationPlatforms) = postSolution
		{77DE09CA-BBDF-4680-B8C2-54711506FA62}.Debug|Any CPU.ActiveCfg = Debug|Any CPU
		{77DE09CA-BBDF-4680-B8C2-54711506FA62}.Debug|Any CPU.Build.0 = Debug|Any CPU
		{77DE09CA-BBDF-4680-B8C2-54711506FA62}.Release|Any CPU.ActiveCfg = Release|Any CPU
		{77DE09CA-BBDF-4680-B8C2-54711506FA62}.Release|Any CPU.Build.0 = Release|Any CPU
	EndGlobalSection
	GlobalSection(SolutionProperties) = preSolution
		HideSolutionNode = FALSE
	EndGlobalSection
	GlobalSection(ExtensibilityGlobals) = postSolution
		SolutionGuid = {C32C863E-109E-43C1-9BCC-2241DF1AA035}
	EndGlobalSection
EndGlobal
